
Microsoft Visual Studio Solution File, Format Version 12.00
# Visual Studio 2012
Project("{FAE04EC0-301F-11D3-BF4B-00C04F79EFBC}") = "MultiTargetLib.net35", "src\MultiTargetLib.net35\MultiTargetLib.net35.csproj", "{E17E5AA4-C397-4120-A71E-50C75969C9CA}"
EndProject
Project("{FAE04EC0-301F-11D3-BF4B-00C04F79EFBC}") = "MultiTargetLib.Tests.net35", "tests\MultiTargetLib.Tests.net35\MultiTargetLib.Tests.net35.csproj", "{F987A53F-FCD4-4E4F-AB92-E02A42263922}"
EndProject
Project("{FAE04EC0-301F-11D3-BF4B-00C04F79EFBC}") = "MultiTargetLib", "src\MultiTargetLib\MultiTargetLib.csproj", "{26950D30-7E87-455B-80BD-A3892E13436B}"
EndProject
Project("{FAE04EC0-301F-11D3-BF4B-00C04F79EFBC}") = "MultiTargetLib.net40", "src\MultiTargetLib.net40\MultiTargetLib.net40.csproj", "{0762890C-34F0-4E6C-9C02-9998481C3552}"
EndProject
Project("{FAE04EC0-301F-11D3-BF4B-00C04F79EFBC}") = "MultiTargetLib.Tests.net40", "tests\MultiTargetLib.Tests.net40\MultiTargetLib.Tests.net40.csproj", "{B115A223-0454-485F-A5EE-99121F27796B}"
EndProject
Project("{FAE04EC0-301F-11D3-BF4B-00C04F79EFBC}") = "MultiTargetLib.Tests", "tests\MultiTargetLib.Tests\MultiTargetLib.Tests.csproj", "{67697830-6745-4177-AA58-92B03A2F5A05}"
EndProject
Project("{2150E333-8FDC-42A3-9474-1A3956D46DE8}") = ".nuget", ".nuget", "{859C9D5B-2617-4EB0-BE6C-C182467D04B9}"
	ProjectSection(SolutionItems) = preProject
		.nuget\NuGet.Config = .nuget\NuGet.Config
		.nuget\NuGet.exe = .nuget\NuGet.exe
		.nuget\NuGet.targets = .nuget\NuGet.targets
	EndProjectSection
EndProject
Project("{2150E333-8FDC-42A3-9474-1A3956D46DE8}") = "Solution Items", "Solution Items", "{7C6A0936-88AC-4E9D-8434-4A80E5394798}"
	ProjectSection(SolutionItems) = preProject
		after.MultiTargetSpike.sln.targets = after.MultiTargetSpike.sln.targets
		before.MultiTargetSpike.sln.targets = before.MultiTargetSpike.sln.targets
		Build.ps1 = Build.ps1
		MultiTarget_Lab.testsettings = MultiTarget_Lab.testsettings
		Net35.runsettings = Net35.runsettings
		Net35.testsettings = Net35.testsettings
		net35_test_cleanup.bat = net35_test_cleanup.bat
		net35_test_setup.bat = net35_test_setup.bat
		Net40.runsettings = Net40.runsettings
		Net40.testsettings = Net40.testsettings
		Net45.runsettings = Net45.runsettings
		Net45.testsettings = Net45.testsettings
		readme.md = readme.md
		Rebar.Build.targets = Rebar.Build.targets
	EndProjectSection
EndProject
Project("{FAE04EC0-301F-11D3-BF4B-00C04F79EFBC}") = "MultiTargetSpike.Package", "src\MultiTargetSpike.Package\MultiTargetSpike.Package.csproj", "{914AE5ED-7BF2-4605-9F37-AFABE3016D02}"
EndProject
Global
	GlobalSection(TeamFoundationVersionControl) = preSolution
		SccNumberOfProjects = 8
		SccEnterpriseProvider = {4CA58AB2-18FA-4F8D-95D4-32DDF27D184C}
		SccTeamFoundationServer = https://tfs2010.accenture.com/tfs/bang6tpcprod
		SccLocalPath0 = .
		SccProjectUniqueName1 = src\\MultiTargetLib.net35\\MultiTargetLib.net35.csproj
		SccProjectName1 = src/MultiTargetLib.net35
		SccLocalPath1 = src\\MultiTargetLib.net35
		SccProjectUniqueName2 = src\\MultiTargetLib.net40\\MultiTargetLib.net40.csproj
		SccProjectName2 = src/MultiTargetLib.net40
		SccLocalPath2 = src\\MultiTargetLib.net40
		SccProjectUniqueName3 = src\\MultiTargetLib\\MultiTargetLib.csproj
		SccProjectName3 = src/MultiTargetLib
		SccLocalPath3 = src\\MultiTargetLib
		SccProjectUniqueName4 = tests\\MultiTargetLib.Tests.net35\\MultiTargetLib.Tests.net35.csproj
		SccProjectName4 = tests/MultiTargetLib.Tests.net35
		SccLocalPath4 = tests\\MultiTargetLib.Tests.net35
		SccProjectUniqueName5 = tests\\MultiTargetLib.Tests.net40\\MultiTargetLib.Tests.net40.csproj
		SccProjectName5 = tests/MultiTargetLib.Tests.net40
		SccLocalPath5 = tests\\MultiTargetLib.Tests.net40
		SccProjectUniqueName6 = tests\\MultiTargetLib.Tests\\MultiTargetLib.Tests.csproj
		SccProjectName6 = tests/MultiTargetLib.Tests
		SccLocalPath6 = tests\\MultiTargetLib.Tests
		SccProjectUniqueName7 = src\\MultiTargetSpike.Package\\MultiTargetSpike.Package.csproj
		SccProjectName7 = src/MultiTargetSpike.Package
		SccLocalPath7 = src\\MultiTargetSpike.Package
	EndGlobalSection
	GlobalSection(SolutionConfigurationPlatforms) = preSolution
		Debug|Any CPU = Debug|Any CPU
		Debug|Mixed Platforms = Debug|Mixed Platforms
		Debug|Net35 = Debug|Net35
		Debug|Net40 = Debug|Net40
		Debug|Net45 = Debug|Net45
		Debug|Package = Debug|Package
		Release|Any CPU = Release|Any CPU
		Release|Mixed Platforms = Release|Mixed Platforms
		Release|Net35 = Release|Net35
		Release|Net40 = Release|Net40
		Release|Net45 = Release|Net45
		Release|Package = Release|Package
	EndGlobalSection
	GlobalSection(ProjectConfigurationPlatforms) = postSolution
		{E17E5AA4-C397-4120-A71E-50C75969C9CA}.Debug|Any CPU.ActiveCfg = Debug|Any CPU
		{E17E5AA4-C397-4120-A71E-50C75969C9CA}.Debug|Any CPU.Build.0 = Debug|Any CPU
		{E17E5AA4-C397-4120-A71E-50C75969C9CA}.Debug|Mixed Platforms.ActiveCfg = Debug|Any CPU
		{E17E5AA4-C397-4120-A71E-50C75969C9CA}.Debug|Mixed Platforms.Build.0 = Debug|Any CPU
		{E17E5AA4-C397-4120-A71E-50C75969C9CA}.Debug|Net35.ActiveCfg = Debug|Any CPU
		{E17E5AA4-C397-4120-A71E-50C75969C9CA}.Debug|Net35.Build.0 = Debug|Any CPU
		{E17E5AA4-C397-4120-A71E-50C75969C9CA}.Debug|Net40.ActiveCfg = Debug|Any CPU
		{E17E5AA4-C397-4120-A71E-50C75969C9CA}.Debug|Net45.ActiveCfg = Debug|Any CPU
		{E17E5AA4-C397-4120-A71E-50C75969C9CA}.Debug|Package.ActiveCfg = Debug|Any CPU
		{E17E5AA4-C397-4120-A71E-50C75969C9CA}.Release|Any CPU.ActiveCfg = Release|Any CPU
		{E17E5AA4-C397-4120-A71E-50C75969C9CA}.Release|Any CPU.Build.0 = Release|Any CPU
		{E17E5AA4-C397-4120-A71E-50C75969C9CA}.Release|Mixed Platforms.ActiveCfg = Release|Any CPU
		{E17E5AA4-C397-4120-A71E-50C75969C9CA}.Release|Mixed Platforms.Build.0 = Release|Any CPU
		{E17E5AA4-C397-4120-A71E-50C75969C9CA}.Release|Net35.ActiveCfg = Release|Any CPU
		{E17E5AA4-C397-4120-A71E-50C75969C9CA}.Release|Net35.Build.0 = Release|Any CPU
		{E17E5AA4-C397-4120-A71E-50C75969C9CA}.Release|Net40.ActiveCfg = Release|Any CPU
		{E17E5AA4-C397-4120-A71E-50C75969C9CA}.Release|Net45.ActiveCfg = Release|Any CPU
		{E17E5AA4-C397-4120-A71E-50C75969C9CA}.Release|Package.ActiveCfg = Release|Any CPU
		{F987A53F-FCD4-4E4F-AB92-E02A42263922}.Debug|Any CPU.ActiveCfg = Debug|Any CPU
		{F987A53F-FCD4-4E4F-AB92-E02A42263922}.Debug|Any CPU.Build.0 = Debug|Any CPU
		{F987A53F-FCD4-4E4F-AB92-E02A42263922}.Debug|Mixed Platforms.ActiveCfg = Debug|Any CPU
		{F987A53F-FCD4-4E4F-AB92-E02A42263922}.Debug|Mixed Platforms.Build.0 = Debug|Any CPU
		{F987A53F-FCD4-4E4F-AB92-E02A42263922}.Debug|Net35.ActiveCfg = Debug|Any CPU
		{F987A53F-FCD4-4E4F-AB92-E02A42263922}.Debug|Net35.Build.0 = Debug|Any CPU
		{F987A53F-FCD4-4E4F-AB92-E02A42263922}.Debug|Net40.ActiveCfg = Debug|Any CPU
		{F987A53F-FCD4-4E4F-AB92-E02A42263922}.Debug|Net45.ActiveCfg = Debug|Any CPU
		{F987A53F-FCD4-4E4F-AB92-E02A42263922}.Debug|Package.ActiveCfg = Debug|Any CPU
		{F987A53F-FCD4-4E4F-AB92-E02A42263922}.Release|Any CPU.ActiveCfg = Release|Any CPU
		{F987A53F-FCD4-4E4F-AB92-E02A42263922}.Release|Any CPU.Build.0 = Release|Any CPU
		{F987A53F-FCD4-4E4F-AB92-E02A42263922}.Release|Mixed Platforms.ActiveCfg = Release|Any CPU
		{F987A53F-FCD4-4E4F-AB92-E02A42263922}.Release|Mixed Platforms.Build.0 = Release|Any CPU
		{F987A53F-FCD4-4E4F-AB92-E02A42263922}.Release|Net35.ActiveCfg = Release|Any CPU
		{F987A53F-FCD4-4E4F-AB92-E02A42263922}.Release|Net35.Build.0 = Release|Any CPU
		{F987A53F-FCD4-4E4F-AB92-E02A42263922}.Release|Net40.ActiveCfg = Release|Any CPU
		{F987A53F-FCD4-4E4F-AB92-E02A42263922}.Release|Net45.ActiveCfg = Release|Any CPU
		{F987A53F-FCD4-4E4F-AB92-E02A42263922}.Release|Package.ActiveCfg = Release|Any CPU
		{26950D30-7E87-455B-80BD-A3892E13436B}.Debug|Any CPU.ActiveCfg = Debug|Any CPU
		{26950D30-7E87-455B-80BD-A3892E13436B}.Debug|Any CPU.Build.0 = Debug|Any CPU
		{26950D30-7E87-455B-80BD-A3892E13436B}.Debug|Mixed Platforms.ActiveCfg = Debug|Any CPU
		{26950D30-7E87-455B-80BD-A3892E13436B}.Debug|Mixed Platforms.Build.0 = Debug|Any CPU
		{26950D30-7E87-455B-80BD-A3892E13436B}.Debug|Net35.ActiveCfg = Debug|Any CPU
		{26950D30-7E87-455B-80BD-A3892E13436B}.Debug|Net40.ActiveCfg = Debug|Any CPU
		{26950D30-7E87-455B-80BD-A3892E13436B}.Debug|Net45.ActiveCfg = Debug|Any CPU
		{26950D30-7E87-455B-80BD-A3892E13436B}.Debug|Net45.Build.0 = Debug|Any CPU
		{26950D30-7E87-455B-80BD-A3892E13436B}.Debug|Package.ActiveCfg = Debug|Any CPU
		{26950D30-7E87-455B-80BD-A3892E13436B}.Release|Any CPU.ActiveCfg = Release|Any CPU
		{26950D30-7E87-455B-80BD-A3892E13436B}.Release|Any CPU.Build.0 = Release|Any CPU
		{26950D30-7E87-455B-80BD-A3892E13436B}.Release|Mixed Platforms.ActiveCfg = Release|Any CPU
		{26950D30-7E87-455B-80BD-A3892E13436B}.Release|Mixed Platforms.Build.0 = Release|Any CPU
		{26950D30-7E87-455B-80BD-A3892E13436B}.Release|Net35.ActiveCfg = Release|Any CPU
		{26950D30-7E87-455B-80BD-A3892E13436B}.Release|Net40.ActiveCfg = Release|Any CPU
		{26950D30-7E87-455B-80BD-A3892E13436B}.Release|Net45.ActiveCfg = Release|Any CPU
		{26950D30-7E87-455B-80BD-A3892E13436B}.Release|Net45.Build.0 = Release|Any CPU
		{26950D30-7E87-455B-80BD-A3892E13436B}.Release|Package.ActiveCfg = Release|Any CPU
		{0762890C-34F0-4E6C-9C02-9998481C3552}.Debug|Any CPU.ActiveCfg = Debug|Any CPU
		{0762890C-34F0-4E6C-9C02-9998481C3552}.Debug|Any CPU.Build.0 = Debug|Any CPU
		{0762890C-34F0-4E6C-9C02-9998481C3552}.Debug|Mixed Platforms.ActiveCfg = Debug|Any CPU
		{0762890C-34F0-4E6C-9C02-9998481C3552}.Debug|Mixed Platforms.Build.0 = Debug|Any CPU
		{0762890C-34F0-4E6C-9C02-9998481C3552}.Debug|Net35.ActiveCfg = Debug|Any CPU
		{0762890C-34F0-4E6C-9C02-9998481C3552}.Debug|Net40.ActiveCfg = Debug|Any CPU
		{0762890C-34F0-4E6C-9C02-9998481C3552}.Debug|Net40.Build.0 = Debug|Any CPU
		{0762890C-34F0-4E6C-9C02-9998481C3552}.Debug|Net45.ActiveCfg = Debug|Any CPU
		{0762890C-34F0-4E6C-9C02-9998481C3552}.Debug|Package.ActiveCfg = Debug|Any CPU
		{0762890C-34F0-4E6C-9C02-9998481C3552}.Release|Any CPU.ActiveCfg = Release|Any CPU
		{0762890C-34F0-4E6C-9C02-9998481C3552}.Release|Any CPU.Build.0 = Release|Any CPU
		{0762890C-34F0-4E6C-9C02-9998481C3552}.Release|Mixed Platforms.ActiveCfg = Release|Any CPU
		{0762890C-34F0-4E6C-9C02-9998481C3552}.Release|Mixed Platforms.Build.0 = Release|Any CPU
		{0762890C-34F0-4E6C-9C02-9998481C3552}.Release|Net35.ActiveCfg = Release|Any CPU
		{0762890C-34F0-4E6C-9C02-9998481C3552}.Release|Net40.ActiveCfg = Release|Any CPU
		{0762890C-34F0-4E6C-9C02-9998481C3552}.Release|Net40.Build.0 = Release|Any CPU
		{0762890C-34F0-4E6C-9C02-9998481C3552}.Release|Net45.ActiveCfg = Release|Any CPU
		{0762890C-34F0-4E6C-9C02-9998481C3552}.Release|Package.ActiveCfg = Release|Any CPU
		{B115A223-0454-485F-A5EE-99121F27796B}.Debug|Any CPU.ActiveCfg = Debug|Any CPU
		{B115A223-0454-485F-A5EE-99121F27796B}.Debug|Any CPU.Build.0 = Debug|Any CPU
		{B115A223-0454-485F-A5EE-99121F27796B}.Debug|Mixed Platforms.ActiveCfg = Debug|Any CPU
		{B115A223-0454-485F-A5EE-99121F27796B}.Debug|Mixed Platforms.Build.0 = Debug|Any CPU
		{B115A223-0454-485F-A5EE-99121F27796B}.Debug|Net35.ActiveCfg = Debug|Any CPU
		{B115A223-0454-485F-A5EE-99121F27796B}.Debug|Net40.ActiveCfg = Debug|Any CPU
		{B115A223-0454-485F-A5EE-99121F27796B}.Debug|Net40.Build.0 = Debug|Any CPU
		{B115A223-0454-485F-A5EE-99121F27796B}.Debug|Net45.ActiveCfg = Debug|Any CPU
		{B115A223-0454-485F-A5EE-99121F27796B}.Debug|Package.ActiveCfg = Debug|Any CPU
		{B115A223-0454-485F-A5EE-99121F27796B}.Release|Any CPU.ActiveCfg = Release|Any CPU
		{B115A223-0454-485F-A5EE-99121F27796B}.Release|Any CPU.Build.0 = Release|Any CPU
		{B115A223-0454-485F-A5EE-99121F27796B}.Release|Mixed Platforms.ActiveCfg = Release|Any CPU
		{B115A223-0454-485F-A5EE-99121F27796B}.Release|Mixed Platforms.Build.0 = Release|Any CPU
		{B115A223-0454-485F-A5EE-99121F27796B}.Release|Net35.ActiveCfg = Release|Any CPU
		{B115A223-0454-485F-A5EE-99121F27796B}.Release|Net40.ActiveCfg = Release|Any CPU
		{B115A223-0454-485F-A5EE-99121F27796B}.Release|Net40.Build.0 = Release|Any CPU
		{B115A223-0454-485F-A5EE-99121F27796B}.Release|Net45.ActiveCfg = Release|Any CPU
		{B115A223-0454-485F-A5EE-99121F27796B}.Release|Package.ActiveCfg = Release|Any CPU
		{67697830-6745-4177-AA58-92B03A2F5A05}.Debug|Any CPU.ActiveCfg = Debug|Any CPU
		{67697830-6745-4177-AA58-92B03A2F5A05}.Debug|Any CPU.Build.0 = Debug|Any CPU
		{67697830-6745-4177-AA58-92B03A2F5A05}.Debug|Mixed Platforms.ActiveCfg = Debug|Any CPU
		{67697830-6745-4177-AA58-92B03A2F5A05}.Debug|Mixed Platforms.Build.0 = Debug|Any CPU
		{67697830-6745-4177-AA58-92B03A2F5A05}.Debug|Net35.ActiveCfg = Debug|Any CPU
		{67697830-6745-4177-AA58-92B03A2F5A05}.Debug|Net40.ActiveCfg = Debug|Any CPU
		{67697830-6745-4177-AA58-92B03A2F5A05}.Debug|Net45.ActiveCfg = Debug|Any CPU
		{67697830-6745-4177-AA58-92B03A2F5A05}.Debug|Net45.Build.0 = Debug|Any CPU
		{67697830-6745-4177-AA58-92B03A2F5A05}.Debug|Package.ActiveCfg = Debug|Any CPU
		{67697830-6745-4177-AA58-92B03A2F5A05}.Release|Any CPU.ActiveCfg = Release|Any CPU
		{67697830-6745-4177-AA58-92B03A2F5A05}.Release|Any CPU.Build.0 = Release|Any CPU
		{67697830-6745-4177-AA58-92B03A2F5A05}.Release|Mixed Platforms.ActiveCfg = Release|Any CPU
		{67697830-6745-4177-AA58-92B03A2F5A05}.Release|Mixed Platforms.Build.0 = Release|Any CPU
		{67697830-6745-4177-AA58-92B03A2F5A05}.Release|Net35.ActiveCfg = Release|Any CPU
		{67697830-6745-4177-AA58-92B03A2F5A05}.Release|Net40.ActiveCfg = Release|Any CPU
		{67697830-6745-4177-AA58-92B03A2F5A05}.Release|Net45.ActiveCfg = Release|Any CPU
		{67697830-6745-4177-AA58-92B03A2F5A05}.Release|Net45.Build.0 = Release|Any CPU
		{67697830-6745-4177-AA58-92B03A2F5A05}.Release|Package.ActiveCfg = Release|Any CPU
		{914AE5ED-7BF2-4605-9F37-AFABE3016D02}.Debug|Any CPU.ActiveCfg = Debug|Any CPU
		{914AE5ED-7BF2-4605-9F37-AFABE3016D02}.Debug|Any CPU.Build.0 = Debug|Any CPU
		{914AE5ED-7BF2-4605-9F37-AFABE3016D02}.Debug|Mixed Platforms.ActiveCfg = Debug|Any CPU
		{914AE5ED-7BF2-4605-9F37-AFABE3016D02}.Debug|Mixed Platforms.Build.0 = Debug|Any CPU
		{914AE5ED-7BF2-4605-9F37-AFABE3016D02}.Debug|Net35.ActiveCfg = Debug|Any CPU
		{914AE5ED-7BF2-4605-9F37-AFABE3016D02}.Debug|Net40.ActiveCfg = Debug|Any CPU
		{914AE5ED-7BF2-4605-9F37-AFABE3016D02}.Debug|Net45.ActiveCfg = Debug|Any CPU
		{914AE5ED-7BF2-4605-9F37-AFABE3016D02}.Debug|Package.ActiveCfg = Debug|Any CPU
		{914AE5ED-7BF2-4605-9F37-AFABE3016D02}.Debug|Package.Build.0 = Debug|Any CPU
		{914AE5ED-7BF2-4605-9F37-AFABE3016D02}.Release|Any CPU.ActiveCfg = Release|Any CPU
		{914AE5ED-7BF2-4605-9F37-AFABE3016D02}.Release|Any CPU.Build.0 = Release|Any CPU
		{914AE5ED-7BF2-4605-9F37-AFABE3016D02}.Release|Mixed Platforms.ActiveCfg = Release|Any CPU
		{914AE5ED-7BF2-4605-9F37-AFABE3016D02}.Release|Mixed Platforms.Build.0 = Release|Any CPU
		{914AE5ED-7BF2-4605-9F37-AFABE3016D02}.Release|Net35.ActiveCfg = Release|Any CPU
		{914AE5ED-7BF2-4605-9F37-AFABE3016D02}.Release|Net40.ActiveCfg = Release|Any CPU
		{914AE5ED-7BF2-4605-9F37-AFABE3016D02}.Release|Net45.ActiveCfg = Release|Any CPU
		{914AE5ED-7BF2-4605-9F37-AFABE3016D02}.Release|Package.ActiveCfg = Release|Any CPU
		{914AE5ED-7BF2-4605-9F37-AFABE3016D02}.Release|Package.Build.0 = Release|Any CPU
	EndGlobalSection
	GlobalSection(SolutionProperties) = preSolution
		HideSolutionNode = FALSE
	EndGlobalSection
EndGlobal
